// !$*UTF8*$!
{
	archiveVersion = 1;
	classes = {
	};
	objectVersion = 55;
	objects = {

/* Begin PBXBuildFile section */
		9E67B41C26E3EB1400C3F1F4 /* CustomTextView.swift in Sources */ = {isa = PBXBuildFile; fileRef = 9E67B41B26E3EB1400C3F1F4 /* CustomTextView.swift */; };
		9E67B41E26E3ED7F00C3F1F4 /* String.swift in Sources */ = {isa = PBXBuildFile; fileRef = 9E67B41D26E3ED7F00C3F1F4 /* String.swift */; };
		9E6B8E7926E54296006B3E9D /* Date.swift in Sources */ = {isa = PBXBuildFile; fileRef = 9E6B8E7826E54296006B3E9D /* Date.swift */; };
		9E99F0B226DFFD9A00FC07CF /* AppDelegate.swift in Sources */ = {isa = PBXBuildFile; fileRef = 9E99F0B126DFFD9A00FC07CF /* AppDelegate.swift */; };
		9E99F0B426DFFD9A00FC07CF /* SceneDelegate.swift in Sources */ = {isa = PBXBuildFile; fileRef = 9E99F0B326DFFD9A00FC07CF /* SceneDelegate.swift */; };
		9E99F0B626DFFD9A00FC07CF /* ViewController.swift in Sources */ = {isa = PBXBuildFile; fileRef = 9E99F0B526DFFD9A00FC07CF /* ViewController.swift */; };
		9E99F0B926DFFD9A00FC07CF /* Main.storyboard in Resources */ = {isa = PBXBuildFile; fileRef = 9E99F0B726DFFD9A00FC07CF /* Main.storyboard */; };
		9E99F0BB26DFFDA200FC07CF /* Assets.xcassets in Resources */ = {isa = PBXBuildFile; fileRef = 9E99F0BA26DFFDA200FC07CF /* Assets.xcassets */; };
		9E99F0BE26DFFDA200FC07CF /* LaunchScreen.storyboard in Resources */ = {isa = PBXBuildFile; fileRef = 9E99F0BC26DFFDA200FC07CF /* LaunchScreen.storyboard */; };
		9E99F0CC26E000A300FC07CF /* ActivitiesCollectionViewCell.swift in Sources */ = {isa = PBXBuildFile; fileRef = 9E99F0CB26E000A300FC07CF /* ActivitiesCollectionViewCell.swift */; };
		9E99F0CF26E0019300FC07CF /* Anchor.swift in Sources */ = {isa = PBXBuildFile; fileRef = 9E99F0CE26E0019300FC07CF /* Anchor.swift */; };
		9E99F0D826E0048600FC07CF /* FunkisQText-Light.otf in Resources */ = {isa = PBXBuildFile; fileRef = 9E99F0D226E003E600FC07CF /* FunkisQText-Light.otf */; };
		9E99F0D926E0048800FC07CF /* FunkisQText-Medium.otf in Resources */ = {isa = PBXBuildFile; fileRef = 9E99F0D426E003E600FC07CF /* FunkisQText-Medium.otf */; };
		9E99F0DA26E0048A00FC07CF /* FunkisQText-Regular.otf in Resources */ = {isa = PBXBuildFile; fileRef = 9E99F0D126E003E600FC07CF /* FunkisQText-Regular.otf */; };
		9E99F0DB26E0048D00FC07CF /* FunkisQText-SemiBold.otf in Resources */ = {isa = PBXBuildFile; fileRef = 9E99F0D526E003E600FC07CF /* FunkisQText-SemiBold.otf */; };
		9E99F0DC26E0048F00FC07CF /* KievitCompPro-Exlig.ttf in Resources */ = {isa = PBXBuildFile; fileRef = 9E99F0D626E0047A00FC07CF /* KievitCompPro-Exlig.ttf */; };
		9E99F0DE26E004BF00FC07CF /* FontCollections.swift in Sources */ = {isa = PBXBuildFile; fileRef = 9E99F0DD26E004BF00FC07CF /* FontCollections.swift */; };
		9E99F0E126E01A6300FC07CF /* CustomLabel.swift in Sources */ = {isa = PBXBuildFile; fileRef = 9E99F0E026E01A6300FC07CF /* CustomLabel.swift */; };
		9E99F0E326E0277300FC07CF /* DateFormatManager.swift in Sources */ = {isa = PBXBuildFile; fileRef = 9E99F0E226E0277300FC07CF /* DateFormatManager.swift */; };
		9E99F0E626E02B8C00FC07CF /* UIImageView.swift in Sources */ = {isa = PBXBuildFile; fileRef = 9E99F0E526E02B8C00FC07CF /* UIImageView.swift */; };
		9E99F0E926E02E0200FC07CF /* Network.swift in Sources */ = {isa = PBXBuildFile; fileRef = 9E99F0E826E02E0200FC07CF /* Network.swift */; };
		9E99F0EA26E03A6100FC07CF /* FunkisQText-Bold.otf in Resources */ = {isa = PBXBuildFile; fileRef = 9E99F0D326E003E600FC07CF /* FunkisQText-Bold.otf */; };
		9E99F0EC26E0611D00FC07CF /* Activities.swift in Sources */ = {isa = PBXBuildFile; fileRef = 9E99F0EB26E0611D00FC07CF /* Activities.swift */; };
/* End PBXBuildFile section */

/* Begin PBXFileReference section */
		9E67B41B26E3EB1400C3F1F4 /* CustomTextView.swift */ = {isa = PBXFileReference; lastKnownFileType = sourcecode.swift; path = CustomTextView.swift; sourceTree = "<group>"; };
		9E67B41D26E3ED7F00C3F1F4 /* String.swift */ = {isa = PBXFileReference; lastKnownFileType = sourcecode.swift; path = String.swift; sourceTree = "<group>"; };
		9E6B8E7826E54296006B3E9D /* Date.swift */ = {isa = PBXFileReference; lastKnownFileType = sourcecode.swift; path = Date.swift; sourceTree = "<group>"; };
		9E99F0AE26DFFD9A00FC07CF /* freelance.app */ = {isa = PBXFileReference; explicitFileType = wrapper.application; includeInIndex = 0; path = freelance.app; sourceTree = BUILT_PRODUCTS_DIR; };
		9E99F0B126DFFD9A00FC07CF /* AppDelegate.swift */ = {isa = PBXFileReference; lastKnownFileType = sourcecode.swift; path = AppDelegate.swift; sourceTree = "<group>"; };
		9E99F0B326DFFD9A00FC07CF /* SceneDelegate.swift */ = {isa = PBXFileReference; lastKnownFileType = sourcecode.swift; path = SceneDelegate.swift; sourceTree = "<group>"; };
		9E99F0B526DFFD9A00FC07CF /* ViewController.swift */ = {isa = PBXFileReference; lastKnownFileType = sourcecode.swift; path = ViewController.swift; sourceTree = "<group>"; };
		9E99F0B826DFFD9A00FC07CF /* Base */ = {isa = PBXFileReference; lastKnownFileType = file.storyboard; name = Base; path = Base.lproj/Main.storyboard; sourceTree = "<group>"; };
		9E99F0BA26DFFDA200FC07CF /* Assets.xcassets */ = {isa = PBXFileReference; lastKnownFileType = folder.assetcatalog; path = Assets.xcassets; sourceTree = "<group>"; };
		9E99F0BD26DFFDA200FC07CF /* Base */ = {isa = PBXFileReference; lastKnownFileType = file.storyboard; name = Base; path = Base.lproj/LaunchScreen.storyboard; sourceTree = "<group>"; };
		9E99F0BF26DFFDA200FC07CF /* Info.plist */ = {isa = PBXFileReference; lastKnownFileType = text.plist.xml; path = Info.plist; sourceTree = "<group>"; };
		9E99F0CB26E000A300FC07CF /* ActivitiesCollectionViewCell.swift */ = {isa = PBXFileReference; lastKnownFileType = sourcecode.swift; path = ActivitiesCollectionViewCell.swift; sourceTree = "<group>"; };
		9E99F0CE26E0019300FC07CF /* Anchor.swift */ = {isa = PBXFileReference; lastKnownFileType = sourcecode.swift; path = Anchor.swift; sourceTree = "<group>"; };
		9E99F0D126E003E600FC07CF /* FunkisQText-Regular.otf */ = {isa = PBXFileReference; lastKnownFileType = file; path = "FunkisQText-Regular.otf"; sourceTree = "<group>"; };
		9E99F0D226E003E600FC07CF /* FunkisQText-Light.otf */ = {isa = PBXFileReference; lastKnownFileType = file; path = "FunkisQText-Light.otf"; sourceTree = "<group>"; };
		9E99F0D326E003E600FC07CF /* FunkisQText-Bold.otf */ = {isa = PBXFileReference; lastKnownFileType = file; path = "FunkisQText-Bold.otf"; sourceTree = "<group>"; };
		9E99F0D426E003E600FC07CF /* FunkisQText-Medium.otf */ = {isa = PBXFileReference; lastKnownFileType = file; path = "FunkisQText-Medium.otf"; sourceTree = "<group>"; };
		9E99F0D526E003E600FC07CF /* FunkisQText-SemiBold.otf */ = {isa = PBXFileReference; lastKnownFileType = file; path = "FunkisQText-SemiBold.otf"; sourceTree = "<group>"; };
		9E99F0D626E0047A00FC07CF /* KievitCompPro-Exlig.ttf */ = {isa = PBXFileReference; lastKnownFileType = file; path = "KievitCompPro-Exlig.ttf"; sourceTree = "<group>"; };
		9E99F0DD26E004BF00FC07CF /* FontCollections.swift */ = {isa = PBXFileReference; lastKnownFileType = sourcecode.swift; path = FontCollections.swift; sourceTree = "<group>"; };
		9E99F0E026E01A6300FC07CF /* CustomLabel.swift */ = {isa = PBXFileReference; lastKnownFileType = sourcecode.swift; path = CustomLabel.swift; sourceTree = "<group>"; };
		9E99F0E226E0277300FC07CF /* DateFormatManager.swift */ = {isa = PBXFileReference; lastKnownFileType = sourcecode.swift; path = DateFormatManager.swift; sourceTree = "<group>"; };
		9E99F0E526E02B8C00FC07CF /* UIImageView.swift */ = {isa = PBXFileReference; lastKnownFileType = sourcecode.swift; path = UIImageView.swift; sourceTree = "<group>"; };
		9E99F0E826E02E0200FC07CF /* Network.swift */ = {isa = PBXFileReference; lastKnownFileType = sourcecode.swift; path = Network.swift; sourceTree = "<group>"; };
		9E99F0EB26E0611D00FC07CF /* Activities.swift */ = {isa = PBXFileReference; lastKnownFileType = sourcecode.swift; path = Activities.swift; sourceTree = "<group>"; };
/* End PBXFileReference section */

/* Begin PBXFrameworksBuildPhase section */
		9E99F0AB26DFFD9A00FC07CF /* Frameworks */ = {
			isa = PBXFrameworksBuildPhase;
			buildActionMask = 2147483647;
			files = (
			);
			runOnlyForDeploymentPostprocessing = 0;
		};
/* End PBXFrameworksBuildPhase section */

/* Begin PBXGroup section */
		9E67B41F26E3ED8200C3F1F4 /* String */ = {
			isa = PBXGroup;
			children = (
				9E67B41D26E3ED7F00C3F1F4 /* String.swift */,
			);
			path = String;
			sourceTree = "<group>";
		};
		9E6B8E7726E5428C006B3E9D /* Date */ = {
			isa = PBXGroup;
			children = (
				9E6B8E7826E54296006B3E9D /* Date.swift */,
			);
			path = Date;
			sourceTree = "<group>";
		};
		9E99F0A526DFFD9900FC07CF = {
			isa = PBXGroup;
			children = (
				9E67B41F26E3ED8200C3F1F4 /* String */,
				9E99F0B026DFFD9A00FC07CF /* freelance */,
				9E99F0AF26DFFD9A00FC07CF /* Products */,
			);
			sourceTree = "<group>";
		};
		9E99F0AF26DFFD9A00FC07CF /* Products */ = {
			isa = PBXGroup;
			children = (
				9E99F0AE26DFFD9A00FC07CF /* freelance.app */,
			);
			name = Products;
			sourceTree = "<group>";
		};
		9E99F0B026DFFD9A00FC07CF /* freelance */ = {
			isa = PBXGroup;
			children = (
				9E6B8E7726E5428C006B3E9D /* Date */,
				9E99F0E726E02DF100FC07CF /* Data Structure */,
				9E99F0E426E02B8100FC07CF /* UIImageView */,
				9E99F0D026E003DC00FC07CF /* Font */,
				9E99F0CD26E0018500FC07CF /* Anchor */,
				9E99F0CA26E0007600FC07CF /* ActivitiesCell */,
				9E99F0C626DFFE4F00FC07CF /* DateFormatManager */,
				9E99F0C526DFFE4100FC07CF /* Network */,
				9E99F0B126DFFD9A00FC07CF /* AppDelegate.swift */,
				9E99F0B326DFFD9A00FC07CF /* SceneDelegate.swift */,
				9E99F0B526DFFD9A00FC07CF /* ViewController.swift */,
				9E99F0B726DFFD9A00FC07CF /* Main.storyboard */,
				9E99F0BA26DFFDA200FC07CF /* Assets.xcassets */,
				9E99F0BC26DFFDA200FC07CF /* LaunchScreen.storyboard */,
				9E99F0BF26DFFDA200FC07CF /* Info.plist */,
			);
			path = freelance;
			sourceTree = "<group>";
		};
		9E99F0C526DFFE4100FC07CF /* Network */ = {
			isa = PBXGroup;
			children = (
				9E99F0E826E02E0200FC07CF /* Network.swift */,
			);
			path = Network;
			sourceTree = "<group>";
		};
		9E99F0C626DFFE4F00FC07CF /* DateFormatManager */ = {
			isa = PBXGroup;
			children = (
				9E99F0E226E0277300FC07CF /* DateFormatManager.swift */,
			);
			path = DateFormatManager;
			sourceTree = "<group>";
		};
		9E99F0CA26E0007600FC07CF /* ActivitiesCell */ = {
			isa = PBXGroup;
			children = (
				9E99F0CB26E000A300FC07CF /* ActivitiesCollectionViewCell.swift */,
			);
			path = ActivitiesCell;
			sourceTree = "<group>";
		};
		9E99F0CD26E0018500FC07CF /* Anchor */ = {
			isa = PBXGroup;
			children = (
				9E99F0CE26E0019300FC07CF /* Anchor.swift */,
			);
			path = Anchor;
			sourceTree = "<group>";
		};
		9E99F0D026E003DC00FC07CF /* Font */ = {
			isa = PBXGroup;
			children = (
				9E99F0D326E003E600FC07CF /* FunkisQText-Bold.otf */,
				9E99F0D226E003E600FC07CF /* FunkisQText-Light.otf */,
				9E99F0D426E003E600FC07CF /* FunkisQText-Medium.otf */,
				9E99F0D126E003E600FC07CF /* FunkisQText-Regular.otf */,
				9E99F0D526E003E600FC07CF /* FunkisQText-SemiBold.otf */,
				9E99F0D626E0047A00FC07CF /* KievitCompPro-Exlig.ttf */,
				9E99F0DD26E004BF00FC07CF /* FontCollections.swift */,
				9E99F0E026E01A6300FC07CF /* CustomLabel.swift */,
				9E67B41B26E3EB1400C3F1F4 /* CustomTextView.swift */,
			);
			path = Font;
			sourceTree = "<group>";
		};
		9E99F0E426E02B8100FC07CF /* UIImageView */ = {
			isa = PBXGroup;
			children = (
				9E99F0E526E02B8C00FC07CF /* UIImageView.swift */,
			);
			path = UIImageView;
			sourceTree = "<group>";
		};
		9E99F0E726E02DF100FC07CF /* Data Structure */ = {
			isa = PBXGroup;
			children = (
				9E99F0EB26E0611D00FC07CF /* Activities.swift */,
			);
			path = "Data Structure";
			sourceTree = "<group>";
		};
/* End PBXGroup section */

/* Begin PBXNativeTarget section */
		9E99F0AD26DFFD9A00FC07CF /* freelance */ = {
			isa = PBXNativeTarget;
			buildConfigurationList = 9E99F0C226DFFDA200FC07CF /* Build configuration list for PBXNativeTarget "freelance" */;
			buildPhases = (
				9E99F0AA26DFFD9A00FC07CF /* Sources */,
				9E99F0AB26DFFD9A00FC07CF /* Frameworks */,
				9E99F0AC26DFFD9A00FC07CF /* Resources */,
			);
			buildRules = (
			);
			dependencies = (
			);
			name = freelance;
			productName = freelance;
			productReference = 9E99F0AE26DFFD9A00FC07CF /* freelance.app */;
			productType = "com.apple.product-type.application";
		};
/* End PBXNativeTarget section */

/* Begin PBXProject section */
		9E99F0A626DFFD9900FC07CF /* Project object */ = {
			isa = PBXProject;
			attributes = {
				BuildIndependentTargetsInParallel = 1;
				LastSwiftUpdateCheck = 1300;
				LastUpgradeCheck = 1300;
				TargetAttributes = {
					9E99F0AD26DFFD9A00FC07CF = {
						CreatedOnToolsVersion = 13.0;
					};
				};
			};
			buildConfigurationList = 9E99F0A926DFFD9900FC07CF /* Build configuration list for PBXProject "freelance" */;
			compatibilityVersion = "Xcode 13.0";
			developmentRegion = en;
			hasScannedForEncodings = 0;
			knownRegions = (
				en,
				Base,
			);
			mainGroup = 9E99F0A526DFFD9900FC07CF;
			productRefGroup = 9E99F0AF26DFFD9A00FC07CF /* Products */;
			projectDirPath = "";
			projectRoot = "";
			targets = (
				9E99F0AD26DFFD9A00FC07CF /* freelance */,
			);
		};
/* End PBXProject section */

/* Begin PBXResourcesBuildPhase section */
		9E99F0AC26DFFD9A00FC07CF /* Resources */ = {
			isa = PBXResourcesBuildPhase;
			buildActionMask = 2147483647;
			files = (
				9E99F0D826E0048600FC07CF /* FunkisQText-Light.otf in Resources */,
				9E99F0DB26E0048D00FC07CF /* FunkisQText-SemiBold.otf in Resources */,
				9E99F0BE26DFFDA200FC07CF /* LaunchScreen.storyboard in Resources */,
				9E99F0BB26DFFDA200FC07CF /* Assets.xcassets in Resources */,
				9E99F0B926DFFD9A00FC07CF /* Main.storyboard in Resources */,
				9E99F0DC26E0048F00FC07CF /* KievitCompPro-Exlig.ttf in Resources */,
				9E99F0DA26E0048A00FC07CF /* FunkisQText-Regular.otf in Resources */,
				9E99F0EA26E03A6100FC07CF /* FunkisQText-Bold.otf in Resources */,
				9E99F0D926E0048800FC07CF /* FunkisQText-Medium.otf in Resources */,
			);
			runOnlyForDeploymentPostprocessing = 0;
		};
/* End PBXResourcesBuildPhase section */

/* Begin PBXSourcesBuildPhase section */
		9E99F0AA26DFFD9A00FC07CF /* Sources */ = {
			isa = PBXSourcesBuildPhase;
			buildActionMask = 2147483647;
			files = (
				9E99F0E926E02E0200FC07CF /* Network.swift in Sources */,
				9E67B41E26E3ED7F00C3F1F4 /* String.swift in Sources */,
				9E99F0B626DFFD9A00FC07CF /* ViewController.swift in Sources */,
				9E67B41C26E3EB1400C3F1F4 /* CustomTextView.swift in Sources */,
				9E99F0E626E02B8C00FC07CF /* UIImageView.swift in Sources */,
				9E99F0CF26E0019300FC07CF /* Anchor.swift in Sources */,
				9E99F0CC26E000A300FC07CF /* ActivitiesCollectionViewCell.swift in Sources */,
				9E99F0E126E01A6300FC07CF /* CustomLabel.swift in Sources */,
				9E99F0E326E0277300FC07CF /* DateFormatManager.swift in Sources */,
				9E6B8E7926E54296006B3E9D /* Date.swift in Sources */,
				9E99F0B226DFFD9A00FC07CF /* AppDelegate.swift in Sources */,
				9E99F0DE26E004BF00FC07CF /* FontCollections.swift in Sources */,
				9E99F0EC26E0611D00FC07CF /* Activities.swift in Sources */,
				9E99F0B426DFFD9A00FC07CF /* SceneDelegate.swift in Sources */,
			);
			runOnlyForDeploymentPostprocessing = 0;
		};
/* End PBXSourcesBuildPhase section */

/* Begin PBXVariantGroup section */
		9E99F0B726DFFD9A00FC07CF /* Main.storyboard */ = {
			isa = PBXVariantGroup;
			children = (
				9E99F0B826DFFD9A00FC07CF /* Base */,
			);
			name = Main.storyboard;
			sourceTree = "<group>";
		};
		9E99F0BC26DFFDA200FC07CF /* LaunchScreen.storyboard */ = {
			isa = PBXVariantGroup;
			children = (
				9E99F0BD26DFFDA200FC07CF /* Base */,
			);
			name = LaunchScreen.storyboard;
			sourceTree = "<group>";
		};
/* End PBXVariantGroup section */

/* Begin XCBuildConfiguration section */
		9E99F0C026DFFDA200FC07CF /* Debug */ = {
			isa = XCBuildConfiguration;
			buildSettings = {
				ALWAYS_SEARCH_USER_PATHS = NO;
				CLANG_ANALYZER_NONNULL = YES;
				CLANG_ANALYZER_NUMBER_OBJECT_CONVERSION = YES_AGGRESSIVE;
				CLANG_CXX_LANGUAGE_STANDARD = "gnu++17";
				CLANG_CXX_LIBRARY = "libc++";
				CLANG_ENABLE_MODULES = YES;
				CLANG_ENABLE_OBJC_ARC = YES;
				CLANG_ENABLE_OBJC_WEAK = YES;
				CLANG_WARN_BLOCK_CAPTURE_AUTORELEASING = YES;
				CLANG_WARN_BOOL_CONVERSION = YES;
				CLANG_WARN_COMMA = YES;
				CLANG_WARN_CONSTANT_CONVERSION = YES;
				CLANG_WARN_DEPRECATED_OBJC_IMPLEMENTATIONS = YES;
				CLANG_WARN_DIRECT_OBJC_ISA_USAGE = YES_ERROR;
				CLANG_WARN_DOCUMENTATION_COMMENTS = YES;
				CLANG_WARN_EMPTY_BODY = YES;
				CLANG_WARN_ENUM_CONVERSION = YES;
				CLANG_WARN_INFINITE_RECURSION = YES;
				CLANG_WARN_INT_CONVERSION = YES;
				CLANG_WARN_NON_LITERAL_NULL_CONVERSION = YES;
				CLANG_WARN_OBJC_IMPLICIT_RETAIN_SELF = YES;
				CLANG_WARN_OBJC_LITERAL_CONVERSION = YES;
				CLANG_WARN_OBJC_ROOT_CLASS = YES_ERROR;
				CLANG_WARN_QUOTED_INCLUDE_IN_FRAMEWORK_HEADER = YES;
				CLANG_WARN_RANGE_LOOP_ANALYSIS = YES;
				CLANG_WARN_STRICT_PROTOTYPES = YES;
				CLANG_WARN_SUSPICIOUS_MOVE = YES;
				CLANG_WARN_UNGUARDED_AVAILABILITY = YES_AGGRESSIVE;
				CLANG_WARN_UNREACHABLE_CODE = YES;
				CLANG_WARN__DUPLICATE_METHOD_MATCH = YES;
				COPY_PHASE_STRIP = NO;
				DEBUG_INFORMATION_FORMAT = dwarf;
				ENABLE_STRICT_OBJC_MSGSEND = YES;
				ENABLE_TESTABILITY = YES;
				GCC_C_LANGUAGE_STANDARD = gnu11;
				GCC_DYNAMIC_NO_PIC = NO;
				GCC_NO_COMMON_BLOCKS = YES;
				GCC_OPTIMIZATION_LEVEL = 0;
				GCC_PREPROCESSOR_DEFINITIONS = (
					"DEBUG=1",
					"$(inherited)",
				);
				GCC_WARN_64_TO_32_BIT_CONVERSION = YES;
				GCC_WARN_ABOUT_RETURN_TYPE = YES_ERROR;
				GCC_WARN_UNDECLARED_SELECTOR = YES;
				GCC_WARN_UNINITIALIZED_AUTOS = YES_AGGRESSIVE;
				GCC_WARN_UNUSED_FUNCTION = YES;
				GCC_WARN_UNUSED_VARIABLE = YES;
				IPHONEOS_DEPLOYMENT_TARGET = 15.0;
				MTL_ENABLE_DEBUG_INFO = INCLUDE_SOURCE;
				MTL_FAST_MATH = YES;
				ONLY_ACTIVE_ARCH = YES;
				SDKROOT = iphoneos;
				SWIFT_ACTIVE_COMPILATION_CONDITIONS = DEBUG;
				SWIFT_OPTIMIZATION_LEVEL = "-Onone";
			};
			name = Debug;
		};
		9E99F0C126DFFDA200FC07CF /* Release */ = {
			isa = XCBuildConfiguration;
			buildSettings = {
				ALWAYS_SEARCH_USER_PATHS = NO;
				CLANG_ANALYZER_NONNULL = YES;
				CLANG_ANALYZER_NUMBER_OBJECT_CONVERSION = YES_AGGRESSIVE;
				CLANG_CXX_LANGUAGE_STANDARD = "gnu++17";
				CLANG_CXX_LIBRARY = "libc++";
				CLANG_ENABLE_MODULES = YES;
				CLANG_ENABLE_OBJC_ARC = YES;
				CLANG_ENABLE_OBJC_WEAK = YES;
				CLANG_WARN_BLOCK_CAPTURE_AUTORELEASING = YES;
				CLANG_WARN_BOOL_CONVERSION = YES;
				CLANG_WARN_COMMA = YES;
				CLANG_WARN_CONSTANT_CONVERSION = YES;
				CLANG_WARN_DEPRECATED_OBJC_IMPLEMENTATIONS = YES;
				CLANG_WARN_DIRECT_OBJC_ISA_USAGE = YES_ERROR;
				CLANG_WARN_DOCUMENTATION_COMMENTS = YES;
				CLANG_WARN_EMPTY_BODY = YES;
				CLANG_WARN_ENUM_CONVERSION = YES;
				CLANG_WARN_INFINITE_RECURSION = YES;
				CLANG_WARN_INT_CONVERSION = YES;
				CLANG_WARN_NON_LITERAL_NULL_CONVERSION = YES;
				CLANG_WARN_OBJC_IMPLICIT_RETAIN_SELF = YES;
				CLANG_WARN_OBJC_LITERAL_CONVERSION = YES;
				CLANG_WARN_OBJC_ROOT_CLASS = YES_ERROR;
				CLANG_WARN_QUOTED_INCLUDE_IN_FRAMEWORK_HEADER = YES;
				CLANG_WARN_RANGE_LOOP_ANALYSIS = YES;
				CLANG_WARN_STRICT_PROTOTYPES = YES;
				CLANG_WARN_SUSPICIOUS_MOVE = YES;
				CLANG_WARN_UNGUARDED_AVAILABILITY = YES_AGGRESSIVE;
				CLANG_WARN_UNREACHABLE_CODE = YES;
				CLANG_WARN__DUPLICATE_METHOD_MATCH = YES;
				COPY_PHASE_STRIP = NO;
				DEBUG_INFORMATION_FORMAT = "dwarf-with-dsym";
				ENABLE_NS_ASSERTIONS = NO;
				ENABLE_STRICT_OBJC_MSGSEND = YES;
				GCC_C_LANGUAGE_STANDARD = gnu11;
				GCC_NO_COMMON_BLOCKS = YES;
				GCC_WARN_64_TO_32_BIT_CONVERSION = YES;
				GCC_WARN_ABOUT_RETURN_TYPE = YES_ERROR;
				GCC_WARN_UNDECLARED_SELECTOR = YES;
				GCC_WARN_UNINITIALIZED_AUTOS = YES_AGGRESSIVE;
				GCC_WARN_UNUSED_FUNCTION = YES;
				GCC_WARN_UNUSED_VARIABLE = YES;
				IPHONEOS_DEPLOYMENT_TARGET = 15.0;
				MTL_ENABLE_DEBUG_INFO = NO;
				MTL_FAST_MATH = YES;
				SDKROOT = iphoneos;
				SWIFT_COMPILATION_MODE = wholemodule;
				SWIFT_OPTIMIZATION_LEVEL = "-O";
				VALIDATE_PRODUCT = YES;
			};
			name = Release;
		};
		9E99F0C326DFFDA200FC07CF /* Debug */ = {
			isa = XCBuildConfiguration;
			buildSettings = {
				ASSETCATALOG_COMPILER_APPICON_NAME = AppIcon;
				ASSETCATALOG_COMPILER_GLOBAL_ACCENT_COLOR_NAME = AccentColor;
				CODE_SIGN_STYLE = Automatic;
				CURRENT_PROJECT_VERSION = 1;
				DEVELOPMENT_TEAM = AJ5AU9L4CQ;
				GENERATE_INFOPLIST_FILE = YES;
				INFOPLIST_FILE = freelance/Info.plist;
				INFOPLIST_KEY_UIApplicationSupportsIndirectInputEvents = YES;
				INFOPLIST_KEY_UILaunchStoryboardName = LaunchScreen;
				INFOPLIST_KEY_UIMainStoryboardFile = Main;
				INFOPLIST_KEY_UISupportedInterfaceOrientations_iPad = "UIInterfaceOrientationPortrait UIInterfaceOrientationPortraitUpsideDown UIInterfaceOrientationLandscapeLeft UIInterfaceOrientationLandscapeRight";
				INFOPLIST_KEY_UISupportedInterfaceOrientations_iPhone = "UIInterfaceOrientationPortrait UIInterfaceOrientationLandscapeLeft UIInterfaceOrientationLandscapeRight";
				LD_RUNPATH_SEARCH_PATHS = (
					"$(inherited)",
					"@executable_path/Frameworks",
				);
				MARKETING_VERSION = 1.0;
				PRODUCT_BUNDLE_IDENTIFIER = com.jamesryu.freelance;
				PRODUCT_NAME = "$(TARGET_NAME)";
				SWIFT_EMIT_LOC_STRINGS = YES;
				SWIFT_VERSION = 5.0;
				TARGETED_DEVICE_FAMILY = "1,2";
			};
			name = Debug;
		};
		9E99F0C426DFFDA200FC07CF /* Release */ = {
			isa = XCBuildConfiguration;
			buildSettings = {
				ASSETCATALOG_COMPILER_APPICON_NAME = AppIcon;
				ASSETCATALOG_COMPILER_GLOBAL_ACCENT_COLOR_NAME = AccentColor;
				CODE_SIGN_STYLE = Automatic;
				CURRENT_PROJECT_VERSION = 1;
				DEVELOPMENT_TEAM = AJ5AU9L4CQ;
				GENERATE_INFOPLIST_FILE = YES;
				INFOPLIST_FILE = freelance/Info.plist;
				INFOPLIST_KEY_UIApplicationSupportsIndirectInputEvents = YES;
				INFOPLIST_KEY_UILaunchStoryboardName = LaunchScreen;
				INFOPLIST_KEY_UIMainStoryboardFile = Main;
				INFOPLIST_KEY_UISupportedInterfaceOrientations_iPad = "UIInterfaceOrientationPortrait UIInterfaceOrientationPortraitUpsideDown UIInterfaceOrientationLandscapeLeft UIInterfaceOrientationLandscapeRight";
				INFOPLIST_KEY_UISupportedInterfaceOrientations_iPhone = "UIInterfaceOrientationPortrait UIInterfaceOrientationLandscapeLeft UIInterfaceOrientationLandscapeRight";
				LD_RUNPATH_SEARCH_PATHS = (
					"$(inherited)",
					"@executable_path/Frameworks",
				);
				MARKETING_VERSION = 1.0;
				PRODUCT_BUNDLE_IDENTIFIER = com.jamesryu.freelance;
				PRODUCT_NAME = "$(TARGET_NAME)";
				SWIFT_EMIT_LOC_STRINGS = YES;
				SWIFT_VERSION = 5.0;
				TARGETED_DEVICE_FAMILY = "1,2";
			};
			name = Release;
		};
/* End XCBuildConfiguration section */

/* Begin XCConfigurationList section */
		9E99F0A926DFFD9900FC07CF /* Build configuration list for PBXProject "freelance" */ = {
			isa = XCConfigurationList;
			buildConfigurations = (
				9E99F0C026DFFDA200FC07CF /* Debug */,
				9E99F0C126DFFDA200FC07CF /* Release */,
			);
			defaultConfigurationIsVisible = 0;
			defaultConfigurationName = Release;
		};
		9E99F0C226DFFDA200FC07CF /* Build configuration list for PBXNativeTarget "freelance" */ = {
			isa = XCConfigurationList;
			buildConfigurations = (
				9E99F0C326DFFDA200FC07CF /* Debug */,
				9E99F0C426DFFDA200FC07CF /* Release */,
			);
			defaultConfigurationIsVisible = 0;
			defaultConfigurationName = Release;
		};
/* End XCConfigurationList section */
	};
	rootObject = 9E99F0A626DFFD9900FC07CF /* Project object */;
}
